hash: 30e2c7a452e311ecedc65b70b881ddc2a08de48a576e5bf5bd124b7dfd7bd633
updated: 2017-02-05T21:31:05.708385431+08:00
imports:
- name: github.com/aws/aws-sdk-go
  version: 3f8f870ec9939e32b3372abf74d24e468bcd285d
  subpackages:
  - aws
  - aws/awserr
  - aws/awsutil
  - aws/client
  - aws/client/metadata
  - aws/corehandlers
  - aws/credentials
  - aws/credentials/ec2rolecreds
  - aws/credentials/endpointcreds
  - aws/credentials/stscreds
  - aws/defaults
  - aws/ec2metadata
  - aws/endpoints
  - aws/request
  - aws/session
  - aws/signer/v4
  - private/protocol
  - private/protocol/query
  - private/protocol/query/queryutil
  - private/protocol/rest
  - private/protocol/xml/xmlutil
  - service/sns
  - service/sts
- name: github.com/carlosdp/twiliogo
  version: b26045ebb9d15c9296ba59d94687aaf7d2080905
- name: github.com/davecgh/go-spew
  version: 04cdfd42973bb9c8589fd6a731800cf222fde1a9
  subpackages:
  - spew
- name: github.com/fsnotify/fsnotify
  version: fd9ec7deca8bf46ecd2a795baaacf2b3a9be1197
- name: github.com/go-ini/ini
  version: 6f66b0e091edb3c7b380f7c4f0f884274d550b67
- name: github.com/go-playground/form
  version: d18f24949d2fcf4b367cff1424a9e1a60dd5507f
- name: github.com/go-playground/locales
  version: 273913d3b2ff7127452603d55dd3f6f888e4f268
  subpackages:
  - currency
- name: github.com/go-playground/universal-translator
  version: 8bf00f2bdf7faea5c3583d41f57bf1eb15b743d7
- name: github.com/go-sql-driver/mysql
  version: 2e00b5cd70399450106cec6431c2e2ce3cae5034
- name: github.com/golang/protobuf
  version: 8ee79997227bf9b34611aee7946ae64735e6fd93
  subpackages:
  - proto
- name: github.com/gorilla/context
  version: 08b5f424b9271eedf6f9f0ce86cb9396ed337a42
- name: github.com/gorilla/mux
  version: 757bef944d0f21880861c2dd9c871ca543023cba
- name: github.com/hashicorp/hcl
  version: eb6f65b2d77ed5078887f960ff570fbddbbeb49d
  subpackages:
  - hcl/ast
  - hcl/parser
  - hcl/scanner
  - hcl/strconv
  - hcl/token
  - json/parser
  - json/scanner
  - json/token
- name: github.com/jmespath/go-jmespath
  version: bd40a432e4c76585ef6b72d3fd96fb9b6dc7b68d
- name: github.com/jmoiron/sqlx
  version: cac998c4f0959c19c638c523e374fa8e4e0bcfe3
  subpackages:
  - reflectx
- name: github.com/magiconair/properties
  version: b3b15ef068fd0b17ddf408a23669f20811d194d2
- name: github.com/mitchellh/mapstructure
  version: bfdb1a85537d60bc7e954e600c250219ea497417
- name: github.com/pelletier/go-buffruneio
  version: df1e16fde7fc330a0ca68167c23bf7ed6ac31d6d
- name: github.com/pelletier/go-toml
  version: 439fbba1f887c286024370cb4f281ba815c4c7d7
- name: github.com/pmezard/go-difflib
  version: d8ed2627bdf02c080bf22230dbb337003b7aba2d
  subpackages:
  - difflib
- name: github.com/rs/cors
  version: a62a804a8a009876ca59105f7899938a1349f4b3
- name: github.com/rs/xhandler
  version: ed27b6fd65218132ee50cd95f38474a3d8a2cd12
- name: github.com/rs/xid
  version: 057f3c928c207d1e7e318929eeac93bb46e319e3
- name: github.com/Sirupsen/logrus
  version: d26492970760ca5d33129d2d799e34be5c4782eb
- name: github.com/spf13/afero
  version: 72b31426848c6ef12a7a8e216708cb0d1530f074
  subpackages:
  - mem
- name: github.com/spf13/cast
  version: 56a7ecbeb18dde53c6db4bd96b541fd9741b8d44
- name: github.com/spf13/jwalterweatherman
  version: fa7ca7e836cf3a8bb4ebf799f472c12d7e903d66
- name: github.com/spf13/pflag
  version: 25f8b5b07aece3207895bf19f7ab517eb3b22a40
- name: github.com/spf13/viper
  version: 5ed0fc31f7f453625df314d8e66b9791e8d13003
- name: github.com/stretchr/objx
  version: cbeaeb16a013161a98496fad62933b1d21786672
- name: github.com/stretchr/testify
  version: 2402e8e7a02fc811447d11f881aa9746cdc57983
  subpackages:
  - assert
  - mock
- name: github.com/ttacon/builder
  version: 7f152c3cf4714fd6318739f8f3dbcd14c2a18b39
- name: github.com/ttacon/libphonenumber
  version: 7cae2148c8b6ea3d01e4b2e3f1cc9e7136bb1bcf
- name: github.com/urfave/negroni
  version: 46eece4d3b43dd330e141b20adf0ce9b2b35ba53
- name: golang.org/x/net
  version: f2499483f923065a842d38eb4c7f1927e6fc6e6d
  subpackages:
  - context
- name: golang.org/x/sys
  version: d75a52659825e75fff6158388dddc6a5b04f9ba5
  subpackages:
  - unix
- name: golang.org/x/text
  version: f72d8390a633d5dfb0cc84043294db9f6c935756
  subpackages:
  - transform
  - unicode/norm
- name: gopkg.in/go-playground/validator.v9
  version: 691ea5506371685479307baaf0e623e850de4dbf
- name: gopkg.in/njern/gonexmo.v1
  version: c83191e580d14eb435e39f0317a89c6912b094a4
- name: gopkg.in/yaml.v2
  version: a5b47d31c556af34a302ce5d659e6fea44d90de0
testImports: []
